{
  "name": "ocms-assets",
  "lockfileVersion": 3,
  "requires": true,
  "packages": {
    "": {
      "name": "ocms-assets",
      "dependencies": {
        "@alpinejs/collapse": "^3.15.5",
        "@alpinejs/sort": "^3.15.5",
        "alpinejs": "^3.15.5",
        "htmx.org": "^2.0.8"
      }
    },
    "node_modules/@alpinejs/collapse": {
      "version": "3.15.5",
      "resolved": "https://registry.npmjs.org/@alpinejs/collapse/-/collapse-3.15.5.tgz",
      "integrity": "sha512-vKXl/AC5kuy0LcZwElFwk4cZxxbl/DcqJRJOJmNZkQdT6CVLCwgl86ZyDL3crN1ECmVrYbQpKGHahC7ze1VJ4A==",
      "license": "MIT"
    },
    "node_modules/@alpinejs/sort": {
      "version": "3.15.5",
      "resolved": "https://registry.npmjs.org/@alpinejs/sort/-/sort-3.15.5.tgz",
      "integrity": "sha512-y9On6dcvayrSN6P3l6HuTCLvvZQF5s2uhBDzRm5YL/TioUBUlVNZ7PdweShMB+O245X3cNRzjPQg+zLn/RVTKQ==",
      "license": "MIT"
    },
    "node_modules/@vue/reactivity": {
      "version": "3.1.5",
      "resolved": "https://registry.npmjs.org/@vue/reactivity/-/reactivity-3.1.5.tgz",
      "integrity": "sha512-1tdfLmNjWG6t/CsPldh+foumYFo3cpyCHgBYQ34ylaMsJ+SNHQ1kApMIa8jN+i593zQuaw3AdWH0nJTARzCFhg==",
      "license": "MIT",
      "dependencies": {
        "@vue/shared": "3.1.5"
      }
    },
    "node_modules/@vue/shared": {
      "version": "3.1.5",
      "resolved": "https://registry.npmjs.org/@vue/shared/-/shared-3.1.5.tgz",
      "integrity": "sha512-oJ4F3TnvpXaQwZJNF3ZK+kLPHKarDmJjJ6jyzVNDKH9md1dptjC7lWR//jrGuLdek/U6iltWxqAnYOu8gCiOvA==",
      "license": "MIT"
    },
    "node_modules/alpinejs": {
      "version": "3.15.5",
      "resolved": "https://registry.npmjs.org/alpinejs/-/alpinejs-3.15.5.tgz",
      "integrity": "sha512-l1R4em/uCUr7eJimcO/b0L1+H2tVcB1Y7cQ3d+pzwVnv0zWs7gw4MhwdsLjfLccWV2iH0ahlfaJWitNRFOZdvQ==",
      "license": "MIT",
      "dependencies": {
        "@vue/reactivity": "~3.1.1"
      }
    },
    "node_modules/htmx.org": {
      "version": "2.0.8",
      "resolved": "https://registry.npmjs.org/htmx.org/-/htmx.org-2.0.8.tgz",
      "integrity": "sha512-fm297iru0iWsNJlBrjvtN7V9zjaxd+69Oqjh4F/Vq9Wwi2kFisLcrLCiv5oBX0KLfOX/zG8AUo9ROMU5XUB44Q==",
      "license": "0BSD"
    }
  }
}
